
Microsoft Visual Studio Solution File, Format Version 12.00
# Visual Studio Version 17
VisualStudioVersion = 17.1.32210.238
MinimumVisualStudioVersion = 10.0.40219.1
Project("{FAE04EC0-301F-11D3-BF4B-00C04F79EFBC}") = "CA220321", "CA220321.csproj", "{BD6BADD0-56A8-4FD1-9899-7AF250991323}"
EndProject
Global
	GlobalSection(SolutionConfigurationPlatforms) = preSolution
		Debug|Any CPU = Debug|Any CPU
		Release|Any CPU = Release|Any CPU
	EndGlobalSection
	GlobalSection(ProjectConfigurationPlatforms) = postSolution
		{BD6BADD0-56A8-4FD1-9899-7AF250991323}.Debug|Any CPU.ActiveCfg = Debug|Any CPU
		{BD6BADD0-56A8-4FD1-9899-7AF250991323}.Debug|Any CPU.Build.0 = Debug|Any CPU
		{BD6BADD0-56A8-4FD1-9899-7AF250991323}.Release|Any CPU.ActiveCfg = Release|Any CPU
		{BD6BADD0-56A8-4FD1-9899-7AF250991323}.Release|Any CPU.Build.0 = Release|Any CPU
	EndGlobalSection
	GlobalSection(SolutionProperties) = preSolution
		HideSolutionNode = FALSE
	EndGlobalSection
	GlobalSection(ExtensibilityGlobals) = postSolution
		SolutionGuid = {54601FDA-B979-47E8-B2C1-3CF9BE27EC39}
	EndGlobalSection
EndGlobal
